
Microsoft Visual Studio Solution File, Format Version 12.00
# Visual Studio Version 17
VisualStudioVersion = 17.5.33530.505
MinimumVisualStudioVersion = 10.0.40219.1
Project("{FAE04EC0-301F-11D3-BF4B-00C04F79EFBC}") = "ASM_APPLICATION_DEV", "ASM_APPLICATION_DEV\ASM_APPLICATION_DEV.csproj", "{044F8E71-8DCE-469E-ADD8-F7A27CC2CE13}"
EndProject
Global
	GlobalSection(SolutionConfigurationPlatforms) = preSolution
		Debug|Any CPU = Debug|Any CPU
		Release|Any CPU = Release|Any CPU
	EndGlobalSection
	GlobalSection(ProjectConfigurationPlatforms) = postSolution
		{044F8E71-8DCE-469E-ADD8-F7A27CC2CE13}.Debug|Any CPU.ActiveCfg = Debug|Any CPU
		{044F8E71-8DCE-469E-ADD8-F7A27CC2CE13}.Debug|Any CPU.Build.0 = Debug|Any CPU
		{044F8E71-8DCE-469E-ADD8-F7A27CC2CE13}.Release|Any CPU.ActiveCfg = Release|Any CPU
		{044F8E71-8DCE-469E-ADD8-F7A27CC2CE13}.Release|Any CPU.Build.0 = Release|Any CPU
	EndGlobalSection
	GlobalSection(SolutionProperties) = preSolution
		HideSolutionNode = FALSE
	EndGlobalSection
	GlobalSection(ExtensibilityGlobals) = postSolution
		SolutionGuid = {9718C5FC-05C0-4C11-9F05-7252972B348C}
	EndGlobalSection
EndGlobal
